// !$*UTF8*$!
{
	archiveVersion = 1;
	classes = {
	};
	objectVersion = 46;
	objects = {

/* Begin PBXBuildFile section */
		435F056E1C1ADF4300C5D03A /* main.c in Sources */ = {isa = PBXBuildFile; fileRef = 435F056D1C1ADF4300C5D03A /* main.c */; };
/* End PBXBuildFile section */

/* Begin PBXCopyFilesBuildPhase section */
		435F05681C1ADF4300C5D03A /* CopyFiles */ = {
			isa = PBXCopyFilesBuildPhase;
			buildActionMask = 2147483647;
			dstPath = /usr/share/man/man1/;
			dstSubfolderSpec = 0;
			files = (
			);
			runOnlyForDeploymentPostprocessing = 1;
		};
/* End PBXCopyFilesBuildPhase section */

/* Begin PBXFileReference section */
		435F056A1C1ADF4300C5D03A /* Mano di Carte */ = {isa = PBXFileReference; explicitFileType = "compiled.mach-o.executable"; includeInIndex = 0; path = "Mano di Carte"; sourceTree = BUILT_PRODUCTS_DIR; };
		435F056D1C1ADF4300C5D03A /* main.c */ = {isa = PBXFileReference; lastKnownFileType = sourcecode.c.c; path = main.c; sourceTree = "<group>"; };
/* End PBXFileReference section */

/* Begin PBXFrameworksBuildPhase section */
		435F05671C1ADF4300C5D03A /* Frameworks */ = {
			isa = PBXFrameworksBuildPhase;
			buildActionMask = 2147483647;
			files = (
			);
			runOnlyForDeploymentPostprocessing = 0;
		};
/* End PBXFrameworksBuildPhase section */

/* Begin PBXGroup section */
		435F05611C1ADF4300C5D03A = {
			isa = PBXGroup;
			children = (
				435F056C1C1ADF4300C5D03A /* Mano di Carte */,
				435F056B1C1ADF4300C5D03A /* Products */,
			);
			sourceTree = "<group>";
		};
		435F056B1C1ADF4300C5D03A /* Products */ = {
			isa = PBXGroup;
			children = (
				435F056A1C1ADF4300C5D03A /* Mano di Carte */,
			);
			name = Products;
			sourceTree = "<group>";
		};
		435F056C1C1ADF4300C5D03A /* Mano di Carte */ = {
			isa = PBXGroup;
			children = (
				435F056D1C1ADF4300C5D03A /* main.c */,
			);
			path = "Mano di Carte";
			sourceTree = "<group>";
		};
/* End PBXGroup section */

/* Begin PBXNativeTarget section */
		435F05691C1ADF4300C5D03A /* Mano di Carte */ = {
			isa = PBXNativeTarget;
			buildConfigurationList = 435F05711C1ADF4300C5D03A /* Build configuration list for PBXNativeTarget "Mano di Carte" */;
			buildPhases = (
				435F05661C1ADF4300C5D03A /* Sources */,
				435F05671C1ADF4300C5D03A /* Frameworks */,
				435F05681C1ADF4300C5D03A /* CopyFiles */,
			);
			buildRules = (
			);
			dependencies = (
			);
			name = "Mano di Carte";
			productName = "Mano di Carte";
			productReference = 435F056A1C1ADF4300C5D03A /* Mano di Carte */;
			productType = "com.apple.product-type.tool";
		};
/* End PBXNativeTarget section */

/* Begin PBXProject section */
		435F05621C1ADF4300C5D03A /* Project object */ = {
			isa = PBXProject;
			attributes = {
				LastUpgradeCheck = 0720;
				ORGANIZATIONNAME = "Simone Cavicchioli";
				TargetAttributes = {
					435F05691C1ADF4300C5D03A = {
						CreatedOnToolsVersion = 7.2;
					};
				};
			};
			buildConfigurationList = 435F05651C1ADF4300C5D03A /* Build configuration list for PBXProject "Mano di Carte" */;
			compatibilityVersion = "Xcode 3.2";
			developmentRegion = English;
			hasScannedForEncodings = 0;
			knownRegions = (
				en,
			);
			mainGroup = 435F05611C1ADF4300C5D03A;
			productRefGroup = 435F056B1C1ADF4300C5D03A /* Products */;
			projectDirPath = "";
			projectRoot = "";
			targets = (
				435F05691C1ADF4300C5D03A /* Mano di Carte */,
			);
		};
/* End PBXProject section */

/* Begin PBXSourcesBuildPhase section */
		435F05661C1ADF4300C5D03A /* Sources */ = {
			isa = PBXSourcesBuildPhase;
			buildActionMask = 2147483647;
			files = (
				435F056E1C1ADF4300C5D03A /* main.c in Sources */,
			);
			runOnlyForDeploymentPostprocessing = 0;
		};
/* End PBXSourcesBuildPhase section */

/* Begin XCBuildConfiguration section */
		435F056F1C1ADF4300C5D03A /* Debug */ = {
			isa = XCBuildConfiguration;
			buildSettings = {
				ALWAYS_SEARCH_USER_PATHS = NO;
				CLANG_CXX_LANGUAGE_STANDARD = "gnu++0x";
				CLANG_CXX_LIBRARY = "libc++";
				CLANG_ENABLE_MODULES = YES;
				CLANG_ENABLE_OBJC_ARC = YES;
				CLANG_WARN_BOOL_CONVERSION = YES;
				CLANG_WARN_CONSTANT_CONVERSION = YES;
				CLANG_WARN_DIRECT_OBJC_ISA_USAGE = YES_ERROR;
				CLANG_WARN_EMPTY_BODY = YES;
				CLANG_WARN_ENUM_CONVERSION = YES;
				CLANG_WARN_INT_CONVERSION = YES;
				CLANG_WARN_OBJC_ROOT_CLASS = YES_ERROR;
				CLANG_WARN_UNREACHABLE_CODE = YES;
				CLANG_WARN__DUPLICATE_METHOD_MATCH = YES;
				CODE_SIGN_IDENTITY = "-";
				COPY_PHASE_STRIP = NO;
				DEBUG_INFORMATION_FORMAT = dwarf;
				ENABLE_STRICT_OBJC_MSGSEND = YES;
				ENABLE_TESTABILITY = YES;
				GCC_C_LANGUAGE_STANDARD = gnu99;
				GCC_DYNAMIC_NO_PIC = NO;
				GCC_NO_COMMON_BLOCKS = YES;
				GCC_OPTIMIZATION_LEVEL = 0;
				GCC_PREPROCESSOR_DEFINITIONS = (
					"DEBUG=1",
					"$(inherited)",
				);
				GCC_WARN_64_TO_32_BIT_CONVERSION = YES;
				GCC_WARN_ABOUT_RETURN_TYPE = YES_ERROR;
				GCC_WARN_UNDECLARED_SELECTOR = YES;
				GCC_WARN_UNINITIALIZED_AUTOS = YES_AGGRESSIVE;
				GCC_WARN_UNUSED_FUNCTION = YES;
				GCC_WARN_UNUSED_VARIABLE = YES;
				MACOSX_DEPLOYMENT_TARGET = 10.11;
				MTL_ENABLE_DEBUG_INFO = YES;
				ONLY_ACTIVE_ARCH = YES;
				SDKROOT = macosx;
			};
			name = Debug;
		};
		435F05701C1ADF4300C5D03A /* Release */ = {
			isa = XCBuildConfiguration;
			buildSettings = {
				ALWAYS_SEARCH_USER_PATHS = NO;
				CLANG_CXX_LANGUAGE_STANDARD = "gnu++0x";
				CLANG_CXX_LIBRARY = "libc++";
				CLANG_ENABLE_MODULES = YES;
				CLANG_ENABLE_OBJC_ARC = YES;
				CLANG_WARN_BOOL_CONVERSION = YES;
				CLANG_WARN_CONSTANT_CONVERSION = YES;
				CLANG_WARN_DIRECT_OBJC_ISA_USAGE = YES_ERROR;
				CLANG_WARN_EMPTY_BODY = YES;
				CLANG_WARN_ENUM_CONVERSION = YES;
				CLANG_WARN_INT_CONVERSION = YES;
				CLANG_WARN_OBJC_ROOT_CLASS = YES_ERROR;
				CLANG_WARN_UNREACHABLE_CODE = YES;
				CLANG_WARN__DUPLICATE_METHOD_MATCH = YES;
				CODE_SIGN_IDENTITY = "-";
				COPY_PHASE_STRIP = NO;
				DEBUG_INFORMATION_FORMAT = "dwarf-with-dsym";
				ENABLE_NS_ASSERTIONS = NO;
				ENABLE_STRICT_OBJC_MSGSEND = YES;
				GCC_C_LANGUAGE_STANDARD = gnu99;
				GCC_NO_COMMON_BLOCKS = YES;
				GCC_WARN_64_TO_32_BIT_CONVERSION = YES;
				GCC_WARN_ABOUT_RETURN_TYPE = YES_ERROR;
				GCC_WARN_UNDECLARED_SELECTOR = YES;
				GCC_WARN_UNINITIALIZED_AUTOS = YES_AGGRESSIVE;
				GCC_WARN_UNUSED_FUNCTION = YES;
				GCC_WARN_UNUSED_VARIABLE = YES;
				MACOSX_DEPLOYMENT_TARGET = 10.11;
				MTL_ENABLE_DEBUG_INFO = NO;
				SDKROOT = macosx;
			};
			name = Release;
		};
		435F05721C1ADF4300C5D03A /* Debug */ = {
			isa = XCBuildConfiguration;
			buildSettings = {
				PRODUCT_NAME = "$(TARGET_NAME)";
			};
			name = Debug;
		};
		435F05731C1ADF4300C5D03A /* Release */ = {
			isa = XCBuildConfiguration;
			buildSettings = {
				PRODUCT_NAME = "$(TARGET_NAME)";
			};
			name = Release;
		};
/* End XCBuildConfiguration section */

/* Begin XCConfigurationList section */
		435F05651C1ADF4300C5D03A /* Build configuration list for PBXProject "Mano di Carte" */ = {
			isa = XCConfigurationList;
			buildConfigurations = (
				435F056F1C1ADF4300C5D03A /* Debug */,
				435F05701C1ADF4300C5D03A /* Release */,
			);
			defaultConfigurationIsVisible = 0;
			defaultConfigurationName = Release;
		};
		435F05711C1ADF4300C5D03A /* Build configuration list for PBXNativeTarget "Mano di Carte" */ = {
			isa = XCConfigurationList;
			buildConfigurations = (
				435F05721C1ADF4300C5D03A /* Debug */,
				435F05731C1ADF4300C5D03A /* Release */,
			);
			defaultConfigurationIsVisible = 0;
		};
/* End XCConfigurationList section */
	};
	rootObject = 435F05621C1ADF4300C5D03A /* Project object */;
}
