// !$*UTF8*$!
{
	archiveVersion = 1;
	classes = {
	};
	objectVersion = 46;
	objects = {

/* Begin PBXBuildFile section */
		43074FB91BF1DA0F00B8F305 /* main.c in Sources */ = {isa = PBXBuildFile; fileRef = 43074FB81BF1DA0F00B8F305 /* main.c */; };
/* End PBXBuildFile section */

/* Begin PBXCopyFilesBuildPhase section */
		43074FB31BF1DA0F00B8F305 /* CopyFiles */ = {
			isa = PBXCopyFilesBuildPhase;
			buildActionMask = 2147483647;
			dstPath = /usr/share/man/man1/;
			dstSubfolderSpec = 0;
			files = (
			);
			runOnlyForDeploymentPostprocessing = 1;
		};
/* End PBXCopyFilesBuildPhase section */

/* Begin PBXFileReference section */
		43074FB51BF1DA0F00B8F305 /* Conversione in Base 2 */ = {isa = PBXFileReference; explicitFileType = "compiled.mach-o.executable"; includeInIndex = 0; path = "Conversione in Base 2"; sourceTree = BUILT_PRODUCTS_DIR; };
		43074FB81BF1DA0F00B8F305 /* main.c */ = {isa = PBXFileReference; lastKnownFileType = sourcecode.c.c; path = main.c; sourceTree = "<group>"; };
/* End PBXFileReference section */

/* Begin PBXFrameworksBuildPhase section */
		43074FB21BF1DA0F00B8F305 /* Frameworks */ = {
			isa = PBXFrameworksBuildPhase;
			buildActionMask = 2147483647;
			files = (
			);
			runOnlyForDeploymentPostprocessing = 0;
		};
/* End PBXFrameworksBuildPhase section */

/* Begin PBXGroup section */
		43074FAC1BF1DA0F00B8F305 = {
			isa = PBXGroup;
			children = (
				43074FB71BF1DA0F00B8F305 /* Conversione in Base 2 */,
				43074FB61BF1DA0F00B8F305 /* Products */,
			);
			sourceTree = "<group>";
		};
		43074FB61BF1DA0F00B8F305 /* Products */ = {
			isa = PBXGroup;
			children = (
				43074FB51BF1DA0F00B8F305 /* Conversione in Base 2 */,
			);
			name = Products;
			sourceTree = "<group>";
		};
		43074FB71BF1DA0F00B8F305 /* Conversione in Base 2 */ = {
			isa = PBXGroup;
			children = (
				43074FB81BF1DA0F00B8F305 /* main.c */,
			);
			path = "Conversione in Base 2";
			sourceTree = "<group>";
		};
/* End PBXGroup section */

/* Begin PBXNativeTarget section */
		43074FB41BF1DA0F00B8F305 /* Conversione in Base 2 */ = {
			isa = PBXNativeTarget;
			buildConfigurationList = 43074FBC1BF1DA0F00B8F305 /* Build configuration list for PBXNativeTarget "Conversione in Base 2" */;
			buildPhases = (
				43074FB11BF1DA0F00B8F305 /* Sources */,
				43074FB21BF1DA0F00B8F305 /* Frameworks */,
				43074FB31BF1DA0F00B8F305 /* CopyFiles */,
			);
			buildRules = (
			);
			dependencies = (
			);
			name = "Conversione in Base 2";
			productName = "Conversione in Base 2";
			productReference = 43074FB51BF1DA0F00B8F305 /* Conversione in Base 2 */;
			productType = "com.apple.product-type.tool";
		};
/* End PBXNativeTarget section */

/* Begin PBXProject section */
		43074FAD1BF1DA0F00B8F305 /* Project object */ = {
			isa = PBXProject;
			attributes = {
				LastUpgradeCheck = 0710;
				ORGANIZATIONNAME = "Simone Cavicchioli";
				TargetAttributes = {
					43074FB41BF1DA0F00B8F305 = {
						CreatedOnToolsVersion = 7.1;
					};
				};
			};
			buildConfigurationList = 43074FB01BF1DA0F00B8F305 /* Build configuration list for PBXProject "Conversione in Base 2" */;
			compatibilityVersion = "Xcode 3.2";
			developmentRegion = English;
			hasScannedForEncodings = 0;
			knownRegions = (
				en,
			);
			mainGroup = 43074FAC1BF1DA0F00B8F305;
			productRefGroup = 43074FB61BF1DA0F00B8F305 /* Products */;
			projectDirPath = "";
			projectRoot = "";
			targets = (
				43074FB41BF1DA0F00B8F305 /* Conversione in Base 2 */,
			);
		};
/* End PBXProject section */

/* Begin PBXSourcesBuildPhase section */
		43074FB11BF1DA0F00B8F305 /* Sources */ = {
			isa = PBXSourcesBuildPhase;
			buildActionMask = 2147483647;
			files = (
				43074FB91BF1DA0F00B8F305 /* main.c in Sources */,
			);
			runOnlyForDeploymentPostprocessing = 0;
		};
/* End PBXSourcesBuildPhase section */

/* Begin XCBuildConfiguration section */
		43074FBA1BF1DA0F00B8F305 /* Debug */ = {
			isa = XCBuildConfiguration;
			buildSettings = {
				ALWAYS_SEARCH_USER_PATHS = NO;
				CLANG_CXX_LANGUAGE_STANDARD = "gnu++0x";
				CLANG_CXX_LIBRARY = "libc++";
				CLANG_ENABLE_MODULES = YES;
				CLANG_ENABLE_OBJC_ARC = YES;
				CLANG_WARN_BOOL_CONVERSION = YES;
				CLANG_WARN_CONSTANT_CONVERSION = YES;
				CLANG_WARN_DIRECT_OBJC_ISA_USAGE = YES_ERROR;
				CLANG_WARN_EMPTY_BODY = YES;
				CLANG_WARN_ENUM_CONVERSION = YES;
				CLANG_WARN_INT_CONVERSION = YES;
				CLANG_WARN_OBJC_ROOT_CLASS = YES_ERROR;
				CLANG_WARN_UNREACHABLE_CODE = YES;
				CLANG_WARN__DUPLICATE_METHOD_MATCH = YES;
				CODE_SIGN_IDENTITY = "-";
				COPY_PHASE_STRIP = NO;
				DEBUG_INFORMATION_FORMAT = dwarf;
				ENABLE_STRICT_OBJC_MSGSEND = YES;
				ENABLE_TESTABILITY = YES;
				GCC_C_LANGUAGE_STANDARD = gnu99;
				GCC_DYNAMIC_NO_PIC = NO;
				GCC_NO_COMMON_BLOCKS = YES;
				GCC_OPTIMIZATION_LEVEL = 0;
				GCC_PREPROCESSOR_DEFINITIONS = (
					"DEBUG=1",
					"$(inherited)",
				);
				GCC_WARN_64_TO_32_BIT_CONVERSION = YES;
				GCC_WARN_ABOUT_RETURN_TYPE = YES_ERROR;
				GCC_WARN_UNDECLARED_SELECTOR = YES;
				GCC_WARN_UNINITIALIZED_AUTOS = YES_AGGRESSIVE;
				GCC_WARN_UNUSED_FUNCTION = YES;
				GCC_WARN_UNUSED_VARIABLE = YES;
				MACOSX_DEPLOYMENT_TARGET = 10.11;
				MTL_ENABLE_DEBUG_INFO = YES;
				ONLY_ACTIVE_ARCH = YES;
				SDKROOT = macosx;
			};
			name = Debug;
		};
		43074FBB1BF1DA0F00B8F305 /* Release */ = {
			isa = XCBuildConfiguration;
			buildSettings = {
				ALWAYS_SEARCH_USER_PATHS = NO;
				CLANG_CXX_LANGUAGE_STANDARD = "gnu++0x";
				CLANG_CXX_LIBRARY = "libc++";
				CLANG_ENABLE_MODULES = YES;
				CLANG_ENABLE_OBJC_ARC = YES;
				CLANG_WARN_BOOL_CONVERSION = YES;
				CLANG_WARN_CONSTANT_CONVERSION = YES;
				CLANG_WARN_DIRECT_OBJC_ISA_USAGE = YES_ERROR;
				CLANG_WARN_EMPTY_BODY = YES;
				CLANG_WARN_ENUM_CONVERSION = YES;
				CLANG_WARN_INT_CONVERSION = YES;
				CLANG_WARN_OBJC_ROOT_CLASS = YES_ERROR;
				CLANG_WARN_UNREACHABLE_CODE = YES;
				CLANG_WARN__DUPLICATE_METHOD_MATCH = YES;
				CODE_SIGN_IDENTITY = "-";
				COPY_PHASE_STRIP = NO;
				DEBUG_INFORMATION_FORMAT = "dwarf-with-dsym";
				ENABLE_NS_ASSERTIONS = NO;
				ENABLE_STRICT_OBJC_MSGSEND = YES;
				GCC_C_LANGUAGE_STANDARD = gnu99;
				GCC_NO_COMMON_BLOCKS = YES;
				GCC_WARN_64_TO_32_BIT_CONVERSION = YES;
				GCC_WARN_ABOUT_RETURN_TYPE = YES_ERROR;
				GCC_WARN_UNDECLARED_SELECTOR = YES;
				GCC_WARN_UNINITIALIZED_AUTOS = YES_AGGRESSIVE;
				GCC_WARN_UNUSED_FUNCTION = YES;
				GCC_WARN_UNUSED_VARIABLE = YES;
				MACOSX_DEPLOYMENT_TARGET = 10.11;
				MTL_ENABLE_DEBUG_INFO = NO;
				SDKROOT = macosx;
			};
			name = Release;
		};
		43074FBD1BF1DA0F00B8F305 /* Debug */ = {
			isa = XCBuildConfiguration;
			buildSettings = {
				PRODUCT_NAME = "$(TARGET_NAME)";
			};
			name = Debug;
		};
		43074FBE1BF1DA0F00B8F305 /* Release */ = {
			isa = XCBuildConfiguration;
			buildSettings = {
				PRODUCT_NAME = "$(TARGET_NAME)";
			};
			name = Release;
		};
/* End XCBuildConfiguration section */

/* Begin XCConfigurationList section */
		43074FB01BF1DA0F00B8F305 /* Build configuration list for PBXProject "Conversione in Base 2" */ = {
			isa = XCConfigurationList;
			buildConfigurations = (
				43074FBA1BF1DA0F00B8F305 /* Debug */,
				43074FBB1BF1DA0F00B8F305 /* Release */,
			);
			defaultConfigurationIsVisible = 0;
			defaultConfigurationName = Release;
		};
		43074FBC1BF1DA0F00B8F305 /* Build configuration list for PBXNativeTarget "Conversione in Base 2" */ = {
			isa = XCConfigurationList;
			buildConfigurations = (
				43074FBD1BF1DA0F00B8F305 /* Debug */,
				43074FBE1BF1DA0F00B8F305 /* Release */,
			);
			defaultConfigurationIsVisible = 0;
		};
/* End XCConfigurationList section */
	};
	rootObject = 43074FAD1BF1DA0F00B8F305 /* Project object */;
}
